{
  "pins" : [
    {
      "identity" : "sdwebimage",
      "kind" : "remoteSourceControl",
      "location" : "https://github.com/SDWebImage/SDWebImage.git",
      "state" : {
        "revision" : "6e844d19679c9e0833ccc363d7f5a7c5f0c5f5d7",
        "version" : "5.18.1"
      }
    },
    {
      "identity" : "xcdyoutubekit",
      "kind" : "remoteSourceControl",
      "location" : "https://github.com/cbg-dev-k/XCDYouTubeKit",
      "state" : {
        "revision" : "f2b1b685c375edca711cc2b229f6bf2bb4588611",
        "version" : "2.16.0"
      }
    }
  ],
  "version" : 2
}
